
Microsoft Visual Studio Solution File, Format Version 12.00
# Visual Studio Version 16
VisualStudioVersion = 16.0.28917.181
MinimumVisualStudioVersion = 10.0.40219.1
Project("{8BC9CEB8-8B4A-11D0-8D11-00A0C91BC942}") = "Core", "Core\Core.vcxproj", "{5C43060A-B2E6-4A5D-ABE2-20439F3D900F}"
EndProject
Project("{8BC9CEB8-8B4A-11D0-8D11-00A0C91BC942}") = "Memory", "Memory\Memory.vcxproj", "{A159F7E8-C56B-441D-B361-E04E00EC2012}"
EndProject
Project("{8BC9CEB8-8B4A-11D0-8D11-00A0C91BC942}") = "Engine", "Engine\Engine.vcxproj", "{BA9D2271-D0B2-48C3-A34A-9CC52D5A84CE}"
EndProject
Project("{8BC9CEB8-8B4A-11D0-8D11-00A0C91BC942}") = "SimpleGame", "SimpleGame\SimpleGame.vcxproj", "{C533A315-E912-4D67-A1AE-FEDA8EC7407D}"
EndProject
Project("{2150E333-8FDC-42A3-9474-1A3956D46DE8}") = "NetworkGames", "NetworkGames", "{C72B5C1E-F4B0-4873-8565-442DDC3600BB}"
EndProject
Project("{8BC9CEB8-8B4A-11D0-8D11-00A0C91BC942}") = "MatchMakingServer", "MatchMakingServer\MatchMakingServer.vcxproj", "{19C43EE8-57D8-4390-AD64-1D16B7E65501}"
EndProject
Project("{8BC9CEB8-8B4A-11D0-8D11-00A0C91BC942}") = "MasterServer", "MasterServer\MasterServer.vcxproj", "{8A9530F4-BD85-4A59-8379-12D0040BE51D}"
EndProject
Project("{8BC9CEB8-8B4A-11D0-8D11-00A0C91BC942}") = "BattleServer", "BattleServer\BattleServer.vcxproj", "{53868C30-7A5D-40AD-A2F0-3EB46B7E4893}"
EndProject
Project("{8BC9CEB8-8B4A-11D0-8D11-00A0C91BC942}") = "LobbyServer", "LobbyServer\LobbyServer.vcxproj", "{2BDD9A4F-303F-426F-9BCA-F0F47554BB4D}"
EndProject
Global
	GlobalSection(SolutionConfigurationPlatforms) = preSolution
		Debug|x64 = Debug|x64
		Debug|x86 = Debug|x86
		Release|x64 = Release|x64
		Release|x86 = Release|x86
	EndGlobalSection
	GlobalSection(ProjectConfigurationPlatforms) = postSolution
		{5C43060A-B2E6-4A5D-ABE2-20439F3D900F}.Debug|x64.ActiveCfg = Debug|x64
		{5C43060A-B2E6-4A5D-ABE2-20439F3D900F}.Debug|x64.Build.0 = Debug|x64
		{5C43060A-B2E6-4A5D-ABE2-20439F3D900F}.Debug|x86.ActiveCfg = Debug|Win32
		{5C43060A-B2E6-4A5D-ABE2-20439F3D900F}.Debug|x86.Build.0 = Debug|Win32
		{5C43060A-B2E6-4A5D-ABE2-20439F3D900F}.Release|x64.ActiveCfg = Release|x64
		{5C43060A-B2E6-4A5D-ABE2-20439F3D900F}.Release|x64.Build.0 = Release|x64
		{5C43060A-B2E6-4A5D-ABE2-20439F3D900F}.Release|x86.ActiveCfg = Release|Win32
		{5C43060A-B2E6-4A5D-ABE2-20439F3D900F}.Release|x86.Build.0 = Release|Win32
		{A159F7E8-C56B-441D-B361-E04E00EC2012}.Debug|x64.ActiveCfg = Debug|x64
		{A159F7E8-C56B-441D-B361-E04E00EC2012}.Debug|x64.Build.0 = Debug|x64
		{A159F7E8-C56B-441D-B361-E04E00EC2012}.Debug|x86.ActiveCfg = Debug|Win32
		{A159F7E8-C56B-441D-B361-E04E00EC2012}.Debug|x86.Build.0 = Debug|Win32
		{A159F7E8-C56B-441D-B361-E04E00EC2012}.Release|x64.ActiveCfg = Release|x64
		{A159F7E8-C56B-441D-B361-E04E00EC2012}.Release|x64.Build.0 = Release|x64
		{A159F7E8-C56B-441D-B361-E04E00EC2012}.Release|x86.ActiveCfg = Release|Win32
		{A159F7E8-C56B-441D-B361-E04E00EC2012}.Release|x86.Build.0 = Release|Win32
		{BA9D2271-D0B2-48C3-A34A-9CC52D5A84CE}.Debug|x64.ActiveCfg = Debug|x64
		{BA9D2271-D0B2-48C3-A34A-9CC52D5A84CE}.Debug|x64.Build.0 = Debug|x64
		{BA9D2271-D0B2-48C3-A34A-9CC52D5A84CE}.Debug|x86.ActiveCfg = Debug|Win32
		{BA9D2271-D0B2-48C3-A34A-9CC52D5A84CE}.Debug|x86.Build.0 = Debug|Win32
		{BA9D2271-D0B2-48C3-A34A-9CC52D5A84CE}.Release|x64.ActiveCfg = Release|x64
		{BA9D2271-D0B2-48C3-A34A-9CC52D5A84CE}.Release|x64.Build.0 = Release|x64
		{BA9D2271-D0B2-48C3-A34A-9CC52D5A84CE}.Release|x86.ActiveCfg = Release|Win32
		{BA9D2271-D0B2-48C3-A34A-9CC52D5A84CE}.Release|x86.Build.0 = Release|Win32
		{C533A315-E912-4D67-A1AE-FEDA8EC7407D}.Debug|x64.ActiveCfg = Debug|x64
		{C533A315-E912-4D67-A1AE-FEDA8EC7407D}.Debug|x64.Build.0 = Debug|x64
		{C533A315-E912-4D67-A1AE-FEDA8EC7407D}.Debug|x86.ActiveCfg = Debug|Win32
		{C533A315-E912-4D67-A1AE-FEDA8EC7407D}.Debug|x86.Build.0 = Debug|Win32
		{C533A315-E912-4D67-A1AE-FEDA8EC7407D}.Release|x64.ActiveCfg = Release|x64
		{C533A315-E912-4D67-A1AE-FEDA8EC7407D}.Release|x64.Build.0 = Release|x64
		{C533A315-E912-4D67-A1AE-FEDA8EC7407D}.Release|x86.ActiveCfg = Release|Win32
		{C533A315-E912-4D67-A1AE-FEDA8EC7407D}.Release|x86.Build.0 = Release|Win32
		{19C43EE8-57D8-4390-AD64-1D16B7E65501}.Debug|x64.ActiveCfg = Debug|x64
		{19C43EE8-57D8-4390-AD64-1D16B7E65501}.Debug|x64.Build.0 = Debug|x64
		{19C43EE8-57D8-4390-AD64-1D16B7E65501}.Debug|x86.ActiveCfg = Debug|Win32
		{19C43EE8-57D8-4390-AD64-1D16B7E65501}.Debug|x86.Build.0 = Debug|Win32
		{19C43EE8-57D8-4390-AD64-1D16B7E65501}.Release|x64.ActiveCfg = Release|x64
		{19C43EE8-57D8-4390-AD64-1D16B7E65501}.Release|x64.Build.0 = Release|x64
		{19C43EE8-57D8-4390-AD64-1D16B7E65501}.Release|x86.ActiveCfg = Release|Win32
		{19C43EE8-57D8-4390-AD64-1D16B7E65501}.Release|x86.Build.0 = Release|Win32
		{8A9530F4-BD85-4A59-8379-12D0040BE51D}.Debug|x64.ActiveCfg = Debug|x64
		{8A9530F4-BD85-4A59-8379-12D0040BE51D}.Debug|x64.Build.0 = Debug|x64
		{8A9530F4-BD85-4A59-8379-12D0040BE51D}.Debug|x86.ActiveCfg = Debug|Win32
		{8A9530F4-BD85-4A59-8379-12D0040BE51D}.Debug|x86.Build.0 = Debug|Win32
		{8A9530F4-BD85-4A59-8379-12D0040BE51D}.Release|x64.ActiveCfg = Release|x64
		{8A9530F4-BD85-4A59-8379-12D0040BE51D}.Release|x64.Build.0 = Release|x64
		{8A9530F4-BD85-4A59-8379-12D0040BE51D}.Release|x86.ActiveCfg = Release|Win32
		{8A9530F4-BD85-4A59-8379-12D0040BE51D}.Release|x86.Build.0 = Release|Win32
		{53868C30-7A5D-40AD-A2F0-3EB46B7E4893}.Debug|x64.ActiveCfg = Debug|x64
		{53868C30-7A5D-40AD-A2F0-3EB46B7E4893}.Debug|x64.Build.0 = Debug|x64
		{53868C30-7A5D-40AD-A2F0-3EB46B7E4893}.Debug|x86.ActiveCfg = Debug|Win32
		{53868C30-7A5D-40AD-A2F0-3EB46B7E4893}.Debug|x86.Build.0 = Debug|Win32
		{53868C30-7A5D-40AD-A2F0-3EB46B7E4893}.Release|x64.ActiveCfg = Release|x64
		{53868C30-7A5D-40AD-A2F0-3EB46B7E4893}.Release|x64.Build.0 = Release|x64
		{53868C30-7A5D-40AD-A2F0-3EB46B7E4893}.Release|x86.ActiveCfg = Release|Win32
		{53868C30-7A5D-40AD-A2F0-3EB46B7E4893}.Release|x86.Build.0 = Release|Win32
		{2BDD9A4F-303F-426F-9BCA-F0F47554BB4D}.Debug|x64.ActiveCfg = Debug|x64
		{2BDD9A4F-303F-426F-9BCA-F0F47554BB4D}.Debug|x64.Build.0 = Debug|x64
		{2BDD9A4F-303F-426F-9BCA-F0F47554BB4D}.Debug|x86.ActiveCfg = Debug|Win32
		{2BDD9A4F-303F-426F-9BCA-F0F47554BB4D}.Debug|x86.Build.0 = Debug|Win32
		{2BDD9A4F-303F-426F-9BCA-F0F47554BB4D}.Release|x64.ActiveCfg = Release|x64
		{2BDD9A4F-303F-426F-9BCA-F0F47554BB4D}.Release|x64.Build.0 = Release|x64
		{2BDD9A4F-303F-426F-9BCA-F0F47554BB4D}.Release|x86.ActiveCfg = Release|Win32
		{2BDD9A4F-303F-426F-9BCA-F0F47554BB4D}.Release|x86.Build.0 = Release|Win32
	EndGlobalSection
	GlobalSection(SolutionProperties) = preSolution
		HideSolutionNode = FALSE
	EndGlobalSection
	GlobalSection(NestedProjects) = preSolution
		{19C43EE8-57D8-4390-AD64-1D16B7E65501} = {C72B5C1E-F4B0-4873-8565-442DDC3600BB}
		{8A9530F4-BD85-4A59-8379-12D0040BE51D} = {C72B5C1E-F4B0-4873-8565-442DDC3600BB}
		{53868C30-7A5D-40AD-A2F0-3EB46B7E4893} = {C72B5C1E-F4B0-4873-8565-442DDC3600BB}
		{2BDD9A4F-303F-426F-9BCA-F0F47554BB4D} = {C72B5C1E-F4B0-4873-8565-442DDC3600BB}
	EndGlobalSection
	GlobalSection(ExtensibilityGlobals) = postSolution
		SolutionGuid = {4C33990D-26D1-4F4E-B0D1-6272D7388104}
	EndGlobalSection
EndGlobal
