<?xml version="1.0" encoding="utf-8"?>
<Project ToolsVersion="4.0" xmlns="http://schemas.microsoft.com/developer/msbuild/2003">
  <ItemGroup>
    <ClInclude Include="HEnginePCH.h" />
    <ClInclude Include="HEngineLoop.h" />
    <ClInclude Include="HWindowsLaunch.h">
      <Filter>Platform</Filter>
    </ClInclude>
    <ClInclude Include="HEngine.h" />
  </ItemGroup>
  <ItemGroup>
    <ClCompile Include="HEnginePCH.cpp" />
    <ClCompile Include="HEngineLoop.cpp" />
    <ClCompile Include="HWindowsLaunch.cpp">
      <Filter>Platform</Filter>
    </ClCompile>
  </ItemGroup>
  <ItemGroup>
    <Filter Include="Platform">
      <UniqueIdentifier>{80bcb6b7-9129-450f-9175-acf4623ce1ff}</UniqueIdentifier>
    </Filter>
  </ItemGroup>
</Project>