<?xml version="1.0" encoding="utf-8"?>
<Project ToolsVersion="4.0" xmlns="http://schemas.microsoft.com/developer/msbuild/2003">
  <ItemGroup>
    <ClInclude Include="HEnginePCH.h" />
    <ClInclude Include="HEngineLoop.h" />
    <ClInclude Include="HEngine.h" />
    <ClInclude Include="HWorld.h">
      <Filter>World</Filter>
    </ClInclude>
    <ClInclude Include="HLevel.h">
      <Filter>World</Filter>
    </ClInclude>
    <ClInclude Include="HActor.h">
      <Filter>World</Filter>
    </ClInclude>
    <ClInclude Include="HActorComponent.h">
      <Filter>World</Filter>
    </ClInclude>
    <ClInclude Include="HEBus.h">
      <Filter>EBus</Filter>
    </ClInclude>
    <ClInclude Include="HEQueuePolicy.h">
      <Filter>EBus</Filter>
    </ClInclude>
    <ClInclude Include="HEHandlerContainer.h">
      <Filter>EBus</Filter>
    </ClInclude>
    <ClInclude Include="HEBusContainer.h">
      <Filter>EBus</Filter>
    </ClInclude>
    <ClInclude Include="HEConnectionPolicy.h">
      <Filter>EBus</Filter>
    </ClInclude>
    <ClInclude Include="HEBContextPolicy.h">
      <Filter>EBus</Filter>
    </ClInclude>
    <ClInclude Include="HEBroadCasterPolicy.h">
      <Filter>EBus</Filter>
    </ClInclude>
    <ClInclude Include="HEBusCallQueue.h">
      <Filter>EBus</Filter>
    </ClInclude>
    <ClInclude Include="HTickTaskSequencer.h">
      <Filter>World\TickTaskManager</Filter>
    </ClInclude>
    <ClInclude Include="HTickFunction.h">
      <Filter>World\TickTaskManager</Filter>
    </ClInclude>
    <ClInclude Include="HTickTaskLevel.h">
      <Filter>World\TickTaskManager</Filter>
    </ClInclude>
    <ClInclude Include="HTickTaskManager.h">
      <Filter>World\TickTaskManager</Filter>
    </ClInclude>
    <ClInclude Include="HSceneComponent.h">
      <Filter>World</Filter>
    </ClInclude>
    <ClInclude Include="HPrimitiveComponent.h">
      <Filter>World</Filter>
    </ClInclude>
    <ClInclude Include="HScene.h">
      <Filter>RenderWorld</Filter>
    </ClInclude>
    <ClInclude Include="HPrimitiveSceneProxy.h">
      <Filter>RenderWorld</Filter>
    </ClInclude>
    <ClInclude Include="HPrimitiveSceneInfo.h">
      <Filter>RenderWorld</Filter>
    </ClInclude>
    <ClInclude Include="HDynamicRHI.h">
      <Filter>RHI</Filter>
    </ClInclude>
    <ClInclude Include="HDXMath.h">
      <Filter>Math\DXMath</Filter>
    </ClInclude>
    <ClInclude Include="HMath.h">
      <Filter>Math</Filter>
    </ClInclude>
    <ClInclude Include="HGameInstance.h">
      <Filter>GameFramework</Filter>
    </ClInclude>
    <ClInclude Include="HBaseEngine.h">
      <Filter>EngineInstance</Filter>
    </ClInclude>
    <ClInclude Include="HEditorEngine.h">
      <Filter>EngineInstance</Filter>
    </ClInclude>
    <ClInclude Include="HLocalPlayer.h">
      <Filter>GameFramework</Filter>
    </ClInclude>
    <ClInclude Include="HPlayer.h">
      <Filter>GameFramework</Filter>
    </ClInclude>
    <ClInclude Include="HPlayerController.h">
      <Filter>GameFramework</Filter>
    </ClInclude>
    <ClInclude Include="HPawn.h">
      <Filter>GameFramework</Filter>
    </ClInclude>
    <ClInclude Include="HController.h">
      <Filter>GameFramework</Filter>
    </ClInclude>
    <ClInclude Include="HCharacter.h">
      <Filter>GameFramework</Filter>
    </ClInclude>
    <ClInclude Include="HPlayerCameraManager.h">
      <Filter>GameFramework</Filter>
    </ClInclude>
    <ClInclude Include="HCameraActor.h">
      <Filter>GameFramework\Camera</Filter>
    </ClInclude>
    <ClInclude Include="HCameraComponent.h">
      <Filter>GameFramework\Camera</Filter>
    </ClInclude>
    <ClInclude Include="HPlayerInput.h">
      <Filter>GameFramework</Filter>
    </ClInclude>
    <ClInclude Include="HHUD.h">
      <Filter>GameFramework</Filter>
    </ClInclude>
    <ClInclude Include="HGlobalShader.h">
      <Filter>RHI</Filter>
    </ClInclude>
    <ClInclude Include="HShader.h">
      <Filter>RHI</Filter>
    </ClInclude>
    <ClInclude Include="HDeferredCleanupInterface.h">
      <Filter>RHI</Filter>
    </ClInclude>
    <ClInclude Include="HRenderResource.h">
      <Filter>RHI</Filter>
    </ClInclude>
    <ClInclude Include="HRenderingThread.h">
      <Filter>RHI</Filter>
    </ClInclude>
    <ClInclude Include="HShaderResource.h">
      <Filter>RHI</Filter>
    </ClInclude>
    <ClInclude Include="HRefCountPtr.h">
      <Filter>RHI</Filter>
    </ClInclude>
    <ClInclude Include="HRHIResource.h">
      <Filter>RHI</Filter>
    </ClInclude>
    <ClInclude Include="HD3D12ShaderCommon.h">
      <Filter>RHI\Platform\DirectX12</Filter>
    </ClInclude>
    <ClInclude Include="HRHIShaderCommon.h">
      <Filter>RHI\Platform</Filter>
    </ClInclude>
    <ClInclude Include="HD3D12Shaders.h">
      <Filter>RHI\Platform\DirectX12</Filter>
    </ClInclude>
    <ClInclude Include="HRHICommon.h">
      <Filter>RHI</Filter>
    </ClInclude>
    <ClInclude Include="HShaderPipeline.h">
      <Filter>RHI</Filter>
    </ClInclude>
    <ClInclude Include="HVertexFactory.h">
      <Filter>RHI</Filter>
    </ClInclude>
    <ClInclude Include="HShaderCompilerEnvironment.h">
      <Filter>RHI\ShaderCompiler</Filter>
    </ClInclude>
    <ClInclude Include="HShaderCompilingManager.h">
      <Filter>RHI\ShaderCompiler</Filter>
    </ClInclude>
    <ClInclude Include="HShaderCompilerUtil.h">
      <Filter>RHI\ShaderCompiler</Filter>
    </ClInclude>
    <ClInclude Include="HGlobalShaderTypeCompiler.h">
      <Filter>RHI\ShaderCompiler</Filter>
    </ClInclude>
    <ClInclude Include="HMaterialCommon.h">
      <Filter>RHI</Filter>
    </ClInclude>
    <ClInclude Include="HShaderId.h">
      <Filter>RHI</Filter>
    </ClInclude>
    <ClInclude Include="HShaderFormat.h">
      <Filter>RHI\ShaderCompiler\Platform</Filter>
    </ClInclude>
    <ClInclude Include="HShaderFormatD3D12.h">
      <Filter>RHI\ShaderCompiler\Platform\DirectX12</Filter>
    </ClInclude>
    <ClInclude Include="HUniformBufferStruct.h">
      <Filter>RHI</Filter>
    </ClInclude>
    <ClInclude Include="HWindowFrame.h">
      <Filter>Platform</Filter>
    </ClInclude>
    <ClInclude Include="HWindowFrameWindows.h">
      <Filter>Platform\Windows</Filter>
    </ClInclude>
    <ClInclude Include="HPlatformDeviceMisc.h">
      <Filter>Platform</Filter>
    </ClInclude>
    <ClInclude Include="HImGuiShaders.h">
      <Filter>Slate\ImGui</Filter>
    </ClInclude>
    <ClInclude Include="HImGui.h">
      <Filter>Slate\ImGui</Filter>
    </ClInclude>
    <ClInclude Include="HImGuiUtil.h">
      <Filter>Slate\ImGui</Filter>
    </ClInclude>
  </ItemGroup>
  <ItemGroup>
    <ClCompile Include="HEnginePCH.cpp" />
    <ClCompile Include="HEngineLoop.cpp" />
    <ClCompile Include="HWorld.cpp">
      <Filter>World</Filter>
    </ClCompile>
    <ClCompile Include="HLevel.cpp">
      <Filter>World</Filter>
    </ClCompile>
    <ClCompile Include="HActor.cpp">
      <Filter>World</Filter>
    </ClCompile>
    <ClCompile Include="HActorComponent.cpp">
      <Filter>World</Filter>
    </ClCompile>
    <ClCompile Include="HTickFunction.cpp">
      <Filter>World\TickTaskManager</Filter>
    </ClCompile>
    <ClCompile Include="HSceneComponent.cpp">
      <Filter>World</Filter>
    </ClCompile>
    <ClCompile Include="HPrimitiveComponent.cpp">
      <Filter>World</Filter>
    </ClCompile>
    <ClCompile Include="HTickTaskManager.cpp">
      <Filter>World\TickTaskManager</Filter>
    </ClCompile>
    <ClCompile Include="HTickTaskLevel.cpp">
      <Filter>World\TickTaskManager</Filter>
    </ClCompile>
    <ClCompile Include="HTickTaskSequencer.cpp">
      <Filter>World\TickTaskManager</Filter>
    </ClCompile>
    <ClCompile Include="HDXMath.cpp">
      <Filter>Math\DXMath</Filter>
    </ClCompile>
    <ClCompile Include="HGameInstance.cpp">
      <Filter>GameFramework</Filter>
    </ClCompile>
    <ClCompile Include="HBaseEngine.cpp">
      <Filter>EngineInstance</Filter>
    </ClCompile>
    <ClCompile Include="HPlayer.cpp">
      <Filter>GameFramework</Filter>
    </ClCompile>
    <ClCompile Include="HLocalPlayer.cpp">
      <Filter>GameFramework</Filter>
    </ClCompile>
    <ClCompile Include="HPlayerController.cpp">
      <Filter>GameFramework</Filter>
    </ClCompile>
    <ClCompile Include="HPawn.cpp">
      <Filter>GameFramework</Filter>
    </ClCompile>
    <ClCompile Include="HController.cpp">
      <Filter>GameFramework</Filter>
    </ClCompile>
    <ClCompile Include="HCharacter.cpp">
      <Filter>GameFramework</Filter>
    </ClCompile>
    <ClCompile Include="HPlayerCameraManager.cpp">
      <Filter>GameFramework</Filter>
    </ClCompile>
    <ClCompile Include="HCameraActor.cpp">
      <Filter>GameFramework\Camera</Filter>
    </ClCompile>
    <ClCompile Include="HCameraComponent.cpp">
      <Filter>GameFramework\Camera</Filter>
    </ClCompile>
    <ClCompile Include="HPlayerInput.cpp">
      <Filter>GameFramework</Filter>
    </ClCompile>
    <ClCompile Include="HHUD.cpp">
      <Filter>GameFramework</Filter>
    </ClCompile>
    <ClCompile Include="HDeferredCleanupInterface.cpp">
      <Filter>RHI</Filter>
    </ClCompile>
    <ClCompile Include="HShader.cpp">
      <Filter>RHI</Filter>
    </ClCompile>
    <ClCompile Include="HRenderResource.cpp">
      <Filter>RHI</Filter>
    </ClCompile>
    <ClCompile Include="HRenderingThread.cpp">
      <Filter>RHI</Filter>
    </ClCompile>
    <ClCompile Include="HRHIResource.cpp">
      <Filter>RHI</Filter>
    </ClCompile>
    <ClCompile Include="HShaderResource.cpp">
      <Filter>RHI</Filter>
    </ClCompile>
    <ClCompile Include="HShaderCompilingManager.cpp">
      <Filter>RHI\ShaderCompiler</Filter>
    </ClCompile>
    <ClCompile Include="HShaderCompilerUtil.cpp">
      <Filter>RHI\ShaderCompiler</Filter>
    </ClCompile>
    <ClCompile Include="HVertexFactory.cpp">
      <Filter>RHI</Filter>
    </ClCompile>
    <ClCompile Include="HGlobalShader.cpp">
      <Filter>RHI</Filter>
    </ClCompile>
    <ClCompile Include="HGlobalShaderTypeCompiler.cpp">
      <Filter>RHI\ShaderCompiler</Filter>
    </ClCompile>
    <ClCompile Include="HShaderCompilerEnvironment.cpp">
      <Filter>RHI\ShaderCompiler</Filter>
    </ClCompile>
    <ClCompile Include="HShaderId.cpp">
      <Filter>RHI</Filter>
    </ClCompile>
    <ClCompile Include="HShaderFormatD3D12.cpp">
      <Filter>RHI\ShaderCompiler\Platform\DirectX12</Filter>
    </ClCompile>
    <ClCompile Include="HShaderFormat.cpp">
      <Filter>RHI\ShaderCompiler\Platform</Filter>
    </ClCompile>
    <ClCompile Include="HRHICommon.cpp">
      <Filter>RHI</Filter>
    </ClCompile>
    <ClCompile Include="HRHIShaderCommon.cpp" />
    <ClCompile Include="HDynamicRHI.cpp">
      <Filter>RHI</Filter>
    </ClCompile>
    <ClCompile Include="HDynamicRHIDirectX12.cpp">
      <Filter>RHI\Platform\DirectX12</Filter>
    </ClCompile>
    <ClCompile Include="HWindowsLaunch.cpp">
      <Filter>Platform\Launch</Filter>
    </ClCompile>
    <ClCompile Include="HEditorEngine.cpp">
      <Filter>EngineInstance</Filter>
    </ClCompile>
    <ClCompile Include="HWindowFrameWindows.cpp">
      <Filter>Platform\Windows</Filter>
    </ClCompile>
    <ClCompile Include="HPlatformDeviceMisc.cpp">
      <Filter>Platform\Windows</Filter>
    </ClCompile>
    <ClCompile Include="HImGuiShaders.cpp">
      <Filter>Slate\ImGui</Filter>
    </ClCompile>
    <ClCompile Include="HImGui.cpp">
      <Filter>Slate\ImGui</Filter>
    </ClCompile>
    <ClCompile Include="HImGuiUtil.cpp">
      <Filter>Slate\ImGui</Filter>
    </ClCompile>
  </ItemGroup>
  <ItemGroup>
    <Filter Include="Platform">
      <UniqueIdentifier>{80bcb6b7-9129-450f-9175-acf4623ce1ff}</UniqueIdentifier>
    </Filter>
    <Filter Include="World">
      <UniqueIdentifier>{1febe45c-d71c-4e77-9dd1-dd57233bf5d0}</UniqueIdentifier>
    </Filter>
    <Filter Include="EBus">
      <UniqueIdentifier>{100530f6-4cb6-4438-a2b5-89e461b20000}</UniqueIdentifier>
    </Filter>
    <Filter Include="World\TickTaskManager">
      <UniqueIdentifier>{9fbfd471-512a-4e34-b173-d7fe5d74d500}</UniqueIdentifier>
    </Filter>
    <Filter Include="RenderWorld">
      <UniqueIdentifier>{ed81f670-d1ad-4bd9-9989-b81a28e57ee4}</UniqueIdentifier>
    </Filter>
    <Filter Include="RHI">
      <UniqueIdentifier>{714787d1-c7f5-426c-b257-16fc1ac07ba5}</UniqueIdentifier>
    </Filter>
    <Filter Include="Math">
      <UniqueIdentifier>{9c0594bc-82e7-4e82-9dc6-ca0c8a1fe19f}</UniqueIdentifier>
    </Filter>
    <Filter Include="Math\DXMath">
      <UniqueIdentifier>{33c151d8-9fca-4237-9b6d-ccbb913f7877}</UniqueIdentifier>
    </Filter>
    <Filter Include="EngineInstance">
      <UniqueIdentifier>{48b47805-4d71-4853-aaa4-3ef3b374244b}</UniqueIdentifier>
    </Filter>
    <Filter Include="GameFramework">
      <UniqueIdentifier>{0260caa7-4299-40f8-a78e-8aa2fc57b7cb}</UniqueIdentifier>
    </Filter>
    <Filter Include="GameFramework\Camera">
      <UniqueIdentifier>{3ee96a72-dcdd-499a-855d-ae037b998c13}</UniqueIdentifier>
    </Filter>
    <Filter Include="RHI\Platform">
      <UniqueIdentifier>{dbfb141b-0027-4c07-9392-95765451c05f}</UniqueIdentifier>
    </Filter>
    <Filter Include="RHI\Platform\DirectX12">
      <UniqueIdentifier>{5fe7b6dc-484e-4d67-9d00-feb013ff871d}</UniqueIdentifier>
    </Filter>
    <Filter Include="RHI\ShaderCompiler">
      <UniqueIdentifier>{8a1c9bed-79d0-43ab-bec5-64151422923e}</UniqueIdentifier>
    </Filter>
    <Filter Include="RHI\ShaderCompiler\Platform">
      <UniqueIdentifier>{0aedb5c2-59ef-4905-b324-2346190a74f8}</UniqueIdentifier>
    </Filter>
    <Filter Include="RHI\ShaderCompiler\Platform\DirectX12">
      <UniqueIdentifier>{5aa3f9e7-cd88-40be-b5c3-dae2ae6fdf93}</UniqueIdentifier>
    </Filter>
    <Filter Include="Slate">
      <UniqueIdentifier>{9a988924-a2d9-422e-b9cc-95215df8cc01}</UniqueIdentifier>
    </Filter>
    <Filter Include="Platform\Windows">
      <UniqueIdentifier>{68157715-0313-4ddf-acfb-cb78e8e26174}</UniqueIdentifier>
    </Filter>
    <Filter Include="Platform\Launch">
      <UniqueIdentifier>{4b67c52d-9477-41e0-bb4c-51730061617d}</UniqueIdentifier>
    </Filter>
    <Filter Include="Slate\ImGui">
      <UniqueIdentifier>{036a9aae-bdc6-4964-888a-e6bb6538f839}</UniqueIdentifier>
    </Filter>
  </ItemGroup>
</Project>