<?xml version="1.0" encoding="utf-8"?>
<Project ToolsVersion="4.0" xmlns="http://schemas.microsoft.com/developer/msbuild/2003">
  <ItemGroup>
    <ClInclude Include="HAllocator.h" />
    <ClInclude Include="HGenericMemory.h" />
    <ClInclude Include="HMemoryPCH.h" />
    <ClInclude Include="HMakeMethods.h" />
    <ClInclude Include="HBlockAllocator.h">
      <Filter>Allocators</Filter>
    </ClInclude>
    <ClInclude Include="HMalloc.h" />
    <ClInclude Include="HBinnedMalloc.h" />
    <ClInclude Include="HMemory.h" />
    <ClInclude Include="HMemoryUtil.h" />
  </ItemGroup>
  <ItemGroup>
    <ClCompile Include="HMemoryPCH.cpp" />
    <ClCompile Include="HGenericMemory.cpp" />
    <ClCompile Include="HBinnedMalloc.cpp" />
    <ClCompile Include="HMemoryUtil.cpp" />
  </ItemGroup>
  <ItemGroup>
    <Filter Include="Allocators">
      <UniqueIdentifier>{a30fe95f-7765-42ef-8786-5785b8aa7721}</UniqueIdentifier>
    </Filter>
  </ItemGroup>
</Project>