<?xml version="1.0" encoding="utf-8"?>
<Project ToolsVersion="4.0" xmlns="http://schemas.microsoft.com/developer/msbuild/2003">
  <ItemGroup>
    <Filter Include="Reflect">
      <UniqueIdentifier>{0679c4c7-5b74-4514-8e85-6711cedb0637}</UniqueIdentifier>
    </Filter>
    <Filter Include="Log">
      <UniqueIdentifier>{6c67c0f5-da1d-451f-8aa6-a31fe29e1ded}</UniqueIdentifier>
    </Filter>
    <Filter Include="Guid">
      <UniqueIdentifier>{876fb7a6-f0ad-4267-97bf-cc43066addca}</UniqueIdentifier>
    </Filter>
    <Filter Include="Containers">
      <UniqueIdentifier>{2627029f-0e57-441e-bac8-ce565c01fc2b}</UniqueIdentifier>
    </Filter>
    <Filter Include="CoreObject">
      <UniqueIdentifier>{78762ea4-237a-45c0-aced-26cb8ffbb7d5}</UniqueIdentifier>
    </Filter>
    <Filter Include="Name">
      <UniqueIdentifier>{c9cfab15-f0bf-4e8d-82e9-f8c636ae8740}</UniqueIdentifier>
    </Filter>
  </ItemGroup>
  <ItemGroup>
    <ClInclude Include="HCore.h" />
    <ClInclude Include="HStdOverrides.h" />
    <ClInclude Include="HReflect.h">
      <Filter>Reflect</Filter>
    </ClInclude>
    <ClInclude Include="HTypeOverrides.h" />
    <ClInclude Include="HCorePCH.h" />
    <ClInclude Include="HTypeDatabase.h">
      <Filter>Reflect</Filter>
    </ClInclude>
    <ClInclude Include="HAssert.h" />
    <ClInclude Include="HLogger.h">
      <Filter>Log</Filter>
    </ClInclude>
    <ClInclude Include="HGuid.h">
      <Filter>Guid</Filter>
    </ClInclude>
    <ClInclude Include="HReflectDeclare.h">
      <Filter>Reflect</Filter>
    </ClInclude>
    <ClInclude Include="HReflectImplement.h">
      <Filter>Reflect</Filter>
    </ClInclude>
    <ClInclude Include="HGeneratePrimitiveReflect.h">
      <Filter>Reflect</Filter>
    </ClInclude>
    <ClInclude Include="HPrimitiveType.h">
      <Filter>Reflect</Filter>
    </ClInclude>
    <ClInclude Include="HTypeDatabaseUtils.h">
      <Filter>Reflect</Filter>
    </ClInclude>
    <ClInclude Include="HClassType.h">
      <Filter>Reflect</Filter>
    </ClInclude>
    <ClInclude Include="HVariadicStack.h">
      <Filter>Containers</Filter>
    </ClInclude>
    <ClInclude Include="HName.h">
      <Filter>Name</Filter>
    </ClInclude>
    <ClInclude Include="HCString.h" />
  </ItemGroup>
  <ItemGroup>
    <ClCompile Include="HCorePCH.cpp" />
    <ClCompile Include="Core.cpp" />
    <ClCompile Include="HLogger_spd.cpp">
      <Filter>Log</Filter>
    </ClCompile>
    <ClCompile Include="HGuid_crossguid.cpp">
      <Filter>Guid</Filter>
    </ClCompile>
    <ClCompile Include="HGeneratePrimitiveReflect.cpp">
      <Filter>Reflect</Filter>
    </ClCompile>
    <ClCompile Include="HAssert.cpp" />
    <ClCompile Include="HReflect.cpp">
      <Filter>Reflect</Filter>
    </ClCompile>
    <ClCompile Include="HTypeDatabase.cpp">
      <Filter>Reflect</Filter>
    </ClCompile>
    <ClCompile Include="HTypeDatabaseUtils.cpp">
      <Filter>Reflect</Filter>
    </ClCompile>
    <ClCompile Include="HName.cpp">
      <Filter>Name</Filter>
    </ClCompile>
  </ItemGroup>
</Project>