<?xml version="1.0" encoding="utf-8"?>
<Project ToolsVersion="4.0" xmlns="http://schemas.microsoft.com/developer/msbuild/2003">
  <ItemGroup>
    <Filter Include="Reflect">
      <UniqueIdentifier>{0679c4c7-5b74-4514-8e85-6711cedb0637}</UniqueIdentifier>
    </Filter>
    <Filter Include="Log">
      <UniqueIdentifier>{6c67c0f5-da1d-451f-8aa6-a31fe29e1ded}</UniqueIdentifier>
    </Filter>
    <Filter Include="Guid">
      <UniqueIdentifier>{876fb7a6-f0ad-4267-97bf-cc43066addca}</UniqueIdentifier>
    </Filter>
    <Filter Include="Containers">
      <UniqueIdentifier>{2627029f-0e57-441e-bac8-ce565c01fc2b}</UniqueIdentifier>
    </Filter>
    <Filter Include="CoreObject">
      <UniqueIdentifier>{78762ea4-237a-45c0-aced-26cb8ffbb7d5}</UniqueIdentifier>
    </Filter>
    <Filter Include="Name">
      <UniqueIdentifier>{c9cfab15-f0bf-4e8d-82e9-f8c636ae8740}</UniqueIdentifier>
    </Filter>
    <Filter Include="Reflect\Context">
      <UniqueIdentifier>{d0b6651c-c9a6-4007-b0c5-5e7f78885808}</UniqueIdentifier>
    </Filter>
    <Filter Include="FileIO">
      <UniqueIdentifier>{9e820596-0ec4-453c-97d2-9c73d3fcd5b0}</UniqueIdentifier>
    </Filter>
    <Filter Include="Platform">
      <UniqueIdentifier>{b6163ae7-9380-48db-909c-1d16e48a7d63}</UniqueIdentifier>
    </Filter>
    <Filter Include="Platform\Windows">
      <UniqueIdentifier>{05e3bbfa-b248-4b6b-ad11-855c6ec1b210}</UniqueIdentifier>
    </Filter>
    <Filter Include="Thread">
      <UniqueIdentifier>{f582c643-8269-465e-a9e4-8af22d89a20f}</UniqueIdentifier>
    </Filter>
    <Filter Include="Async">
      <UniqueIdentifier>{9b1ac765-b580-4d6a-9c87-3b6b0ea4f1f0}</UniqueIdentifier>
    </Filter>
    <Filter Include="GC">
      <UniqueIdentifier>{8baf4ff1-c02a-4a9f-adaf-79ae6311d61e}</UniqueIdentifier>
    </Filter>
    <Filter Include="Tls">
      <UniqueIdentifier>{a9bfdc38-c9b4-466c-9c31-3d24eb21f90d}</UniqueIdentifier>
    </Filter>
  </ItemGroup>
  <ItemGroup>
    <ClInclude Include="HCore.h" />
    <ClInclude Include="HStdOverrides.h" />
    <ClInclude Include="HReflect.h">
      <Filter>Reflect</Filter>
    </ClInclude>
    <ClInclude Include="HTypeOverrides.h" />
    <ClInclude Include="HCorePCH.h" />
    <ClInclude Include="HTypeDatabase.h">
      <Filter>Reflect</Filter>
    </ClInclude>
    <ClInclude Include="HAssert.h" />
    <ClInclude Include="HLogger.h">
      <Filter>Log</Filter>
    </ClInclude>
    <ClInclude Include="HGuid.h">
      <Filter>Guid</Filter>
    </ClInclude>
    <ClInclude Include="HReflectDeclare.h">
      <Filter>Reflect</Filter>
    </ClInclude>
    <ClInclude Include="HReflectImplement.h">
      <Filter>Reflect</Filter>
    </ClInclude>
    <ClInclude Include="HGeneratePrimitiveReflect.h">
      <Filter>Reflect</Filter>
    </ClInclude>
    <ClInclude Include="HPrimitiveType.h">
      <Filter>Reflect</Filter>
    </ClInclude>
    <ClInclude Include="HTypeDatabaseUtils.h">
      <Filter>Reflect</Filter>
    </ClInclude>
    <ClInclude Include="HClassType.h">
      <Filter>Reflect</Filter>
    </ClInclude>
    <ClInclude Include="HVariadicStack.h">
      <Filter>Containers</Filter>
    </ClInclude>
    <ClInclude Include="HName.h">
      <Filter>Name</Filter>
    </ClInclude>
    <ClInclude Include="HCString.h" />
    <ClInclude Include="HObject.h">
      <Filter>CoreObject</Filter>
    </ClInclude>
    <ClInclude Include="HReflectionContext.h">
      <Filter>Reflect\Context</Filter>
    </ClInclude>
    <ClInclude Include="HTMPHelper.h" />
    <ClInclude Include="HNumericTypeHelper.h">
      <Filter>Reflect</Filter>
    </ClInclude>
    <ClInclude Include="HStringTypeHelper.h">
      <Filter>Reflect</Filter>
    </ClInclude>
    <ClInclude Include="HReflectionContextDeclareMacro.h">
      <Filter>Reflect\Context</Filter>
    </ClInclude>
    <ClInclude Include="HReflectionContextImplementMacro.h">
      <Filter>Reflect\Context</Filter>
    </ClInclude>
    <ClInclude Include="HLinkerLoad.h">
      <Filter>CoreObject</Filter>
    </ClInclude>
    <ClInclude Include="HLinker.h">
      <Filter>CoreObject</Filter>
    </ClInclude>
    <ClInclude Include="HLinkerSave.h">
      <Filter>CoreObject</Filter>
    </ClInclude>
    <ClInclude Include="HPackage.h">
      <Filter>CoreObject</Filter>
    </ClInclude>
    <ClInclude Include="HFileArchive.h">
      <Filter>FileIO</Filter>
    </ClInclude>
    <ClInclude Include="HGenericPlatformMisc.h">
      <Filter>Platform</Filter>
    </ClInclude>
    <ClInclude Include="HWIndowsPlatformMisc.h">
      <Filter>Platform\Windows</Filter>
    </ClInclude>
    <ClInclude Include="HNewDeleteOverride.h" />
    <ClInclude Include="HCommonTypeHelper.h">
      <Filter>Reflect</Filter>
    </ClInclude>
    <ClInclude Include="HThreadRunnable.h">
      <Filter>Thread</Filter>
    </ClInclude>
    <ClInclude Include="HThreadManager.h">
      <Filter>Thread</Filter>
    </ClInclude>
    <ClInclude Include="HConcurrentQueue.h">
      <Filter>Containers</Filter>
    </ClInclude>
    <ClInclude Include="HScopedLock.h">
      <Filter>Thread</Filter>
    </ClInclude>
    <ClInclude Include="HTaskGraph.h">
      <Filter>Async</Filter>
    </ClInclude>
    <ClInclude Include="HThreadSafeCounter.h">
      <Filter>Thread</Filter>
    </ClInclude>
    <ClInclude Include="HTaskThreadBase.h">
      <Filter>Async</Filter>
    </ClInclude>
    <ClInclude Include="HTaskGraphInterface.h">
      <Filter>Async</Filter>
    </ClInclude>
    <ClInclude Include="HObjectArray.h">
      <Filter>CoreObject</Filter>
    </ClInclude>
    <ClInclude Include="HSingletonTemplate.h" />
    <ClInclude Include="HObjectHandle.h">
      <Filter>CoreObject</Filter>
    </ClInclude>
    <ClInclude Include="HReferenceCollector.h">
      <Filter>GC</Filter>
    </ClInclude>
    <ClInclude Include="HGarbageCollect.h">
      <Filter>GC</Filter>
    </ClInclude>
    <ClInclude Include="HGCSweepExecutor.h">
      <Filter>GC</Filter>
    </ClInclude>
    <ClInclude Include="HCastType.h">
      <Filter>Reflect</Filter>
    </ClInclude>
    <ClInclude Include="HCriticalSection.h">
      <Filter>Thread</Filter>
    </ClInclude>
    <ClInclude Include="HEvent.h">
      <Filter>Thread</Filter>
    </ClInclude>
    <ClInclude Include="HScopedEvent.h">
      <Filter>Thread</Filter>
    </ClInclude>
    <ClInclude Include="HCoreTls.h">
      <Filter>Tls</Filter>
    </ClInclude>
  </ItemGroup>
  <ItemGroup>
    <ClCompile Include="HCorePCH.cpp" />
    <ClCompile Include="Core.cpp" />
    <ClCompile Include="HGuid_crossguid.cpp">
      <Filter>Guid</Filter>
    </ClCompile>
    <ClCompile Include="HGeneratePrimitiveReflect.cpp">
      <Filter>Reflect</Filter>
    </ClCompile>
    <ClCompile Include="HAssert.cpp" />
    <ClCompile Include="HReflect.cpp">
      <Filter>Reflect</Filter>
    </ClCompile>
    <ClCompile Include="HTypeDatabase.cpp">
      <Filter>Reflect</Filter>
    </ClCompile>
    <ClCompile Include="HTypeDatabaseUtils.cpp">
      <Filter>Reflect</Filter>
    </ClCompile>
    <ClCompile Include="HName.cpp">
      <Filter>Name</Filter>
    </ClCompile>
    <ClCompile Include="HObject.cpp">
      <Filter>CoreObject</Filter>
    </ClCompile>
    <ClCompile Include="HStdOverrides.cpp" />
    <ClCompile Include="HTypeOverride.cpp" />
    <ClCompile Include="HPackage.cpp">
      <Filter>CoreObject</Filter>
    </ClCompile>
    <ClCompile Include="HLinkerSave.cpp">
      <Filter>CoreObject</Filter>
    </ClCompile>
    <ClCompile Include="HLinker.cpp">
      <Filter>CoreObject</Filter>
    </ClCompile>
    <ClCompile Include="HFileArchive.cpp">
      <Filter>FileIO</Filter>
    </ClCompile>
    <ClCompile Include="HLinkerLoad.cpp">
      <Filter>CoreObject</Filter>
    </ClCompile>
    <ClCompile Include="HWindowsPlatformMisc.cpp">
      <Filter>Platform\Windows</Filter>
    </ClCompile>
    <ClCompile Include="HNewDeleteOverride.cpp" />
    <ClCompile Include="HTaskGraph.cpp">
      <Filter>Async</Filter>
    </ClCompile>
    <ClCompile Include="HTaskThreadBase.cpp">
      <Filter>Async</Filter>
    </ClCompile>
    <ClCompile Include="HThreadRunnable.cpp">
      <Filter>Thread</Filter>
    </ClCompile>
    <ClCompile Include="HTaskGraphInterface.cpp">
      <Filter>Async</Filter>
    </ClCompile>
    <ClCompile Include="HThreadManager.cpp">
      <Filter>Thread</Filter>
    </ClCompile>
    <ClCompile Include="HObjectArray.cpp">
      <Filter>CoreObject</Filter>
    </ClCompile>
    <ClCompile Include="HObjectHandle.cpp">
      <Filter>CoreObject</Filter>
    </ClCompile>
    <ClCompile Include="HReflectionContext.cpp">
      <Filter>Reflect</Filter>
    </ClCompile>
    <ClCompile Include="HReferenceCollector.cpp">
      <Filter>GC</Filter>
    </ClCompile>
    <ClCompile Include="HGarbageCollect.cpp">
      <Filter>GC</Filter>
    </ClCompile>
    <ClCompile Include="HGCSweepExecutor.cpp">
      <Filter>GC</Filter>
    </ClCompile>
    <ClCompile Include="HCriticalSection.cpp">
      <Filter>Thread</Filter>
    </ClCompile>
    <ClCompile Include="HEvent.cpp">
      <Filter>Thread</Filter>
    </ClCompile>
    <ClCompile Include="HScopedEvent.cpp">
      <Filter>Thread</Filter>
    </ClCompile>
  </ItemGroup>
</Project>